
Microsoft Visual Studio Solution File, Format Version 12.00
# Visual Studio Version 16
VisualStudioVersion = 16.0.31729.503
MinimumVisualStudioVersion = 10.0.40219.1
Project("{9A19103F-16F7-4668-BE54-9A1E7A4F7556}") = "CORE", "CORE\CORE.csproj", "{78ACE5BE-0048-4297-B34A-65D448BFD5A0}"
EndProject
Project("{9A19103F-16F7-4668-BE54-9A1E7A4F7556}") = "DAL", "DAL\DAL.csproj", "{8CD989A7-1300-48DF-B744-6F760B074412}"
EndProject
Project("{9A19103F-16F7-4668-BE54-9A1E7A4F7556}") = "DOMAIN", "Domain\DOMAIN.csproj", "{E77BDBF2-E40F-4CB3-B627-6FC1109741CF}"
EndProject
Project("{9A19103F-16F7-4668-BE54-9A1E7A4F7556}") = "BLL", "BLL\BLL.csproj", "{55A79941-CFFA-463A-9548-0530EB81A92F}"
EndProject
Project("{9A19103F-16F7-4668-BE54-9A1E7A4F7556}") = "WEB", "WEB\WEB.csproj", "{5172C5D0-5F44-4AD0-9130-58E1EE4E2C9A}"
EndProject
Project("{9A19103F-16F7-4668-BE54-9A1E7A4F7556}") = "DTO", "DTO\DTO.csproj", "{C7F7096D-CED3-4A7D-A27E-9023B557CE53}"
EndProject
Global
	GlobalSection(SolutionConfigurationPlatforms) = preSolution
		Debug|Any CPU = Debug|Any CPU
		Release|Any CPU = Release|Any CPU
	EndGlobalSection
	GlobalSection(ProjectConfigurationPlatforms) = postSolution
		{78ACE5BE-0048-4297-B34A-65D448BFD5A0}.Debug|Any CPU.ActiveCfg = Debug|Any CPU
		{78ACE5BE-0048-4297-B34A-65D448BFD5A0}.Debug|Any CPU.Build.0 = Debug|Any CPU
		{78ACE5BE-0048-4297-B34A-65D448BFD5A0}.Release|Any CPU.ActiveCfg = Release|Any CPU
		{78ACE5BE-0048-4297-B34A-65D448BFD5A0}.Release|Any CPU.Build.0 = Release|Any CPU
		{8CD989A7-1300-48DF-B744-6F760B074412}.Debug|Any CPU.ActiveCfg = Debug|Any CPU
		{8CD989A7-1300-48DF-B744-6F760B074412}.Debug|Any CPU.Build.0 = Debug|Any CPU
		{8CD989A7-1300-48DF-B744-6F760B074412}.Release|Any CPU.ActiveCfg = Release|Any CPU
		{8CD989A7-1300-48DF-B744-6F760B074412}.Release|Any CPU.Build.0 = Release|Any CPU
		{E77BDBF2-E40F-4CB3-B627-6FC1109741CF}.Debug|Any CPU.ActiveCfg = Debug|Any CPU
		{E77BDBF2-E40F-4CB3-B627-6FC1109741CF}.Debug|Any CPU.Build.0 = Debug|Any CPU
		{E77BDBF2-E40F-4CB3-B627-6FC1109741CF}.Release|Any CPU.ActiveCfg = Release|Any CPU
		{E77BDBF2-E40F-4CB3-B627-6FC1109741CF}.Release|Any CPU.Build.0 = Release|Any CPU
		{55A79941-CFFA-463A-9548-0530EB81A92F}.Debug|Any CPU.ActiveCfg = Debug|Any CPU
		{55A79941-CFFA-463A-9548-0530EB81A92F}.Debug|Any CPU.Build.0 = Debug|Any CPU
		{55A79941-CFFA-463A-9548-0530EB81A92F}.Release|Any CPU.ActiveCfg = Release|Any CPU
		{55A79941-CFFA-463A-9548-0530EB81A92F}.Release|Any CPU.Build.0 = Release|Any CPU
		{5172C5D0-5F44-4AD0-9130-58E1EE4E2C9A}.Debug|Any CPU.ActiveCfg = Debug|Any CPU
		{5172C5D0-5F44-4AD0-9130-58E1EE4E2C9A}.Debug|Any CPU.Build.0 = Debug|Any CPU
		{5172C5D0-5F44-4AD0-9130-58E1EE4E2C9A}.Release|Any CPU.ActiveCfg = Release|Any CPU
		{5172C5D0-5F44-4AD0-9130-58E1EE4E2C9A}.Release|Any CPU.Build.0 = Release|Any CPU
		{C7F7096D-CED3-4A7D-A27E-9023B557CE53}.Debug|Any CPU.ActiveCfg = Debug|Any CPU
		{C7F7096D-CED3-4A7D-A27E-9023B557CE53}.Debug|Any CPU.Build.0 = Debug|Any CPU
		{C7F7096D-CED3-4A7D-A27E-9023B557CE53}.Release|Any CPU.ActiveCfg = Release|Any CPU
		{C7F7096D-CED3-4A7D-A27E-9023B557CE53}.Release|Any CPU.Build.0 = Release|Any CPU
	EndGlobalSection
	GlobalSection(SolutionProperties) = preSolution
		HideSolutionNode = FALSE
	EndGlobalSection
	GlobalSection(ExtensibilityGlobals) = postSolution
		SolutionGuid = {A93DB091-35BC-4D2B-BE7F-AC88DC489CF8}
	EndGlobalSection
EndGlobal
